{
  "nodes": {
    "flake-utils": {
      "locked": {
        "lastModified": 1652776076,
        "narHash": "sha256-gzTw/v1vj4dOVbpBSJX4J0DwUR6LIyXo7/SuuTJp1kM=",
        "owner": "numtide",
        "repo": "flake-utils",
        "rev": "04c1b180862888302ddfb2e3ad9eaa63afc60cf8",
        "type": "github"
      },
      "original": {
        "owner": "numtide",
        "ref": "v1.0.0",
        "repo": "flake-utils",
        "type": "github"
      }
    },
    "nixos": {
      "locked": {
        "lastModified": 1696374741,
        "narHash": "sha256-gt8B3G0ryizT9HSB4cCO8QoxdbsHnrQH+/BdKxOwqF0=",
        "owner": "NixOS",
        "repo": "nixpkgs",
        "rev": "8a4c17493e5c39769f79117937c79e1c88de6729",
        "type": "github"
      },
      "original": {
        "owner": "NixOS",
        "ref": "nixos-23.05",
        "repo": "nixpkgs",
        "type": "github"
      }
    },
    "pythoneda-shared-artifact-artifact-events": {
      "inputs": {
        "flake-utils": [
          "flake-utils"
        ],
        "nixos": [
          "nixos"
        ],
        "pythoneda-shared-artifact-events": "pythoneda-shared-artifact-events",
        "pythoneda-shared-pythoneda-banner": [
          "pythoneda-shared-pythoneda-banner"
        ],
        "pythoneda-shared-pythoneda-domain": [
          "pythoneda-shared-pythoneda-domain"
        ]
      },
      "locked": {
        "lastModified": 1701106464,
        "narHash": "sha256-nqyscEw//+84Iyk2f6SrxCTZzHD56Nrpc3FQH8lfuCs=",
        "owner": "pythoneda-shared-artifact-def",
        "repo": "artifact-events",
        "rev": "d42bda311f60a0ef1636513c5a67bb5dd6448eb5",
        "type": "github"
      },
      "original": {
        "owner": "pythoneda-shared-artifact-def",
        "ref": "0.0.4",
        "repo": "artifact-events",
        "type": "github"
      }
    },
    "pythoneda-shared-artifact-artifact-events-infrastructure": {
      "inputs": {
        "flake-utils": [
          "flake-utils"
        ],
        "nixos": [
          "nixos"
        ],
        "pythoneda-shared-artifact-artifact-events": [
          "pythoneda-shared-artifact-artifact-events"
        ],
        "pythoneda-shared-pythoneda-banner": [
          "pythoneda-shared-pythoneda-banner"
        ],
        "pythoneda-shared-pythoneda-domain": [
          "pythoneda-shared-pythoneda-domain"
        ],
        "pythoneda-shared-pythoneda-infrastructure": [
          "pythoneda-shared-pythoneda-infrastructure"
        ]
      },
      "locked": {
        "lastModified": 1701107108,
        "narHash": "sha256-zZb4HlTQgpaggovFICQFQHywNeUy0MDqtnL8RtTIzTg=",
        "owner": "pythoneda-shared-artifact-def",
        "repo": "artifact-events-infrastructure",
        "rev": "4d48e24b4879edd05be9b5843ccc41b8f9efde8c",
        "type": "github"
      },
      "original": {
        "owner": "pythoneda-shared-artifact-def",
        "ref": "0.0.4",
        "repo": "artifact-events-infrastructure",
        "type": "github"
      }
    },
    "pythoneda-shared-artifact-events": {
      "inputs": {
        "flake-utils": [
          "pythoneda-shared-artifact-artifact-events",
          "flake-utils"
        ],
        "nixos": [
          "pythoneda-shared-artifact-artifact-events",
          "nixos"
        ],
        "pythoneda-shared-pythoneda-banner": [
          "pythoneda-shared-artifact-artifact-events",
          "pythoneda-shared-pythoneda-banner"
        ],
        "pythoneda-shared-pythoneda-domain": [
          "pythoneda-shared-artifact-artifact-events",
          "pythoneda-shared-pythoneda-domain"
        ]
      },
      "locked": {
        "lastModified": 1701106384,
        "narHash": "sha256-c7KGjWT53Zw3f58jWOHwwrt7ehSyE4urISwajwUJVl0=",
        "owner": "pythoneda-shared-artifact-def",
        "repo": "events",
        "rev": "9e5f4ea0b021e642fa51ce7b9724e064c4aa0084",
        "type": "github"
      },
      "original": {
        "owner": "pythoneda-shared-artifact-def",
        "ref": "0.0.9",
        "repo": "events",
        "type": "github"
      }
    },
    "pythoneda-shared-pythoneda-banner": {
      "inputs": {
        "flake-utils": [
          "flake-utils"
        ],
        "nixos": [
          "nixos"
        ]
      },
      "locked": {
        "lastModified": 1701020027,
        "narHash": "sha256-OkyhNvsLKizJXCid+JZlwARIAVXxAAQlJQ0rjhnD9JE=",
        "owner": "pythoneda-shared-pythoneda-def",
        "repo": "banner",
        "rev": "99a0831b809acd8eec645ec53d11b1fcd16aa6d6",
        "type": "github"
      },
      "original": {
        "owner": "pythoneda-shared-pythoneda-def",
        "ref": "0.0.27",
        "repo": "banner",
        "type": "github"
      }
    },
    "pythoneda-shared-pythoneda-domain": {
      "inputs": {
        "flake-utils": [
          "flake-utils"
        ],
        "nixos": [
          "nixos"
        ],
        "pythoneda-shared-pythoneda-banner": [
          "pythoneda-shared-pythoneda-banner"
        ]
      },
      "locked": {
        "lastModified": 1701106182,
        "narHash": "sha256-y5GXpOGfewzerIc5KWW92fqng+cHySwKTbVVO9ndy4Y=",
        "owner": "pythoneda-shared-pythoneda-def",
        "repo": "domain",
        "rev": "ed036b095292fc8a40f0a7766b6d4cb031cbb7d6",
        "type": "github"
      },
      "original": {
        "owner": "pythoneda-shared-pythoneda-def",
        "ref": "0.0.3",
        "repo": "domain",
        "type": "github"
      }
    },
    "pythoneda-shared-pythoneda-infrastructure": {
      "inputs": {
        "flake-utils": [
          "flake-utils"
        ],
        "nixos": [
          "nixos"
        ],
        "pythoneda-shared-pythoneda-banner": [
          "pythoneda-shared-pythoneda-banner"
        ],
        "pythoneda-shared-pythoneda-domain": [
          "pythoneda-shared-pythoneda-domain"
        ]
      },
      "locked": {
        "lastModified": 1701106279,
        "narHash": "sha256-oNQZRxla2ASdx+s+BwMLdlc1sjjpPKPykVLqnZQ6EDA=",
        "owner": "pythoneda-shared-pythoneda-def",
        "repo": "infrastructure",
        "rev": "688d8b5d00404fb4c8d989dd5ddccf59f5b98be3",
        "type": "github"
      },
      "original": {
        "owner": "pythoneda-shared-pythoneda-def",
        "ref": "0.0.2",
        "repo": "infrastructure",
        "type": "github"
      }
    },
    "root": {
      "inputs": {
        "flake-utils": "flake-utils",
        "nixos": "nixos",
        "pythoneda-shared-artifact-artifact-events": "pythoneda-shared-artifact-artifact-events",
        "pythoneda-shared-artifact-artifact-events-infrastructure": "pythoneda-shared-artifact-artifact-events-infrastructure",
        "pythoneda-shared-pythoneda-banner": "pythoneda-shared-pythoneda-banner",
        "pythoneda-shared-pythoneda-domain": "pythoneda-shared-pythoneda-domain",
        "pythoneda-shared-pythoneda-infrastructure": "pythoneda-shared-pythoneda-infrastructure"
      }
    }
  },
  "root": "root",
  "version": 7
}
